// !$*UTF8*$!
{
	archiveVersion = 1;
	classes = {
	};
	objectVersion = 51;
	objects = {

/* Begin PBXBuildFile section */
		28D67430697DB250727010CC /* Pods_InstagramTests.framework in Frameworks */ = {isa = PBXBuildFile; fileRef = ECBCD78F81DD24F2112C6E51 /* Pods_InstagramTests.framework */; };
		47FC102A630649B871BD4F48 /* Pods_Instagram.framework in Frameworks */ = {isa = PBXBuildFile; fileRef = 27D9DAF593B2195D73880352 /* Pods_Instagram.framework */; };
		77EEBBCA7301F8EC78A12E61 /* Pods_Instagram_InstagramUITests.framework in Frameworks */ = {isa = PBXBuildFile; fileRef = 0751B9C94954BB55AEBD9E14 /* Pods_Instagram_InstagramUITests.framework */; };
		D09FFCFB2694E7E2008B33B5 /* AppDelegate.m in Sources */ = {isa = PBXBuildFile; fileRef = D09FFCFA2694E7E2008B33B5 /* AppDelegate.m */; };
		D09FFCFE2694E7E2008B33B5 /* SceneDelegate.m in Sources */ = {isa = PBXBuildFile; fileRef = D09FFCFD2694E7E2008B33B5 /* SceneDelegate.m */; };
		D09FFD012694E7E2008B33B5 /* ViewController.m in Sources */ = {isa = PBXBuildFile; fileRef = D09FFD002694E7E2008B33B5 /* ViewController.m */; };
		D09FFD042694E7E2008B33B5 /* Main.storyboard in Resources */ = {isa = PBXBuildFile; fileRef = D09FFD022694E7E2008B33B5 /* Main.storyboard */; };
		D09FFD062694E7E4008B33B5 /* Assets.xcassets in Resources */ = {isa = PBXBuildFile; fileRef = D09FFD052694E7E4008B33B5 /* Assets.xcassets */; };
		D09FFD092694E7E4008B33B5 /* LaunchScreen.storyboard in Resources */ = {isa = PBXBuildFile; fileRef = D09FFD072694E7E4008B33B5 /* LaunchScreen.storyboard */; };
		D09FFD0C2694E7E4008B33B5 /* main.m in Sources */ = {isa = PBXBuildFile; fileRef = D09FFD0B2694E7E4008B33B5 /* main.m */; };
		D09FFD162694E7E4008B33B5 /* InstagramTests.m in Sources */ = {isa = PBXBuildFile; fileRef = D09FFD152694E7E4008B33B5 /* InstagramTests.m */; };
		D09FFD212694E7E4008B33B5 /* InstagramUITests.m in Sources */ = {isa = PBXBuildFile; fileRef = D09FFD202694E7E4008B33B5 /* InstagramUITests.m */; };
		D09FFD2F2694EBC6008B33B5 /* Keys.plist in Resources */ = {isa = PBXBuildFile; fileRef = D09FFD2E2694EBC6008B33B5 /* Keys.plist */; };
		D09FFD332694F3BC008B33B5 /* LoginViewController.m in Sources */ = {isa = PBXBuildFile; fileRef = D09FFD322694F3BC008B33B5 /* LoginViewController.m */; };
		D09FFD362694F911008B33B5 /* HomeFeedViewController.m in Sources */ = {isa = PBXBuildFile; fileRef = D09FFD352694F911008B33B5 /* HomeFeedViewController.m */; };
		D09FFD392695110D008B33B5 /* PhotoMapViewController.m in Sources */ = {isa = PBXBuildFile; fileRef = D09FFD382695110D008B33B5 /* PhotoMapViewController.m */; };
		D09FFD4026951FE3008B33B5 /* Post.m in Sources */ = {isa = PBXBuildFile; fileRef = D09FFD3F26951FE3008B33B5 /* Post.m */; };
/* End PBXBuildFile section */

/* Begin PBXContainerItemProxy section */
		D09FFD122694E7E4008B33B5 /* PBXContainerItemProxy */ = {
			isa = PBXContainerItemProxy;
			containerPortal = D09FFCEE2694E7E2008B33B5 /* Project object */;
			proxyType = 1;
			remoteGlobalIDString = D09FFCF52694E7E2008B33B5;
			remoteInfo = Instagram;
		};
		D09FFD1D2694E7E4008B33B5 /* PBXContainerItemProxy */ = {
			isa = PBXContainerItemProxy;
			containerPortal = D09FFCEE2694E7E2008B33B5 /* Project object */;
			proxyType = 1;
			remoteGlobalIDString = D09FFCF52694E7E2008B33B5;
			remoteInfo = Instagram;
		};
/* End PBXContainerItemProxy section */

/* Begin PBXFileReference section */
		0751B9C94954BB55AEBD9E14 /* Pods_Instagram_InstagramUITests.framework */ = {isa = PBXFileReference; explicitFileType = wrapper.framework; includeInIndex = 0; path = Pods_Instagram_InstagramUITests.framework; sourceTree = BUILT_PRODUCTS_DIR; };
		0AE406134F1FE79FEC8E9A97 /* Pods-InstagramTests.debug.xcconfig */ = {isa = PBXFileReference; includeInIndex = 1; lastKnownFileType = text.xcconfig; name = "Pods-InstagramTests.debug.xcconfig"; path = "Target Support Files/Pods-InstagramTests/Pods-InstagramTests.debug.xcconfig"; sourceTree = "<group>"; };
		19C80B08C6F129FC866CEE5C /* Pods-Instagram.debug.xcconfig */ = {isa = PBXFileReference; includeInIndex = 1; lastKnownFileType = text.xcconfig; name = "Pods-Instagram.debug.xcconfig"; path = "Target Support Files/Pods-Instagram/Pods-Instagram.debug.xcconfig"; sourceTree = "<group>"; };
		27D9DAF593B2195D73880352 /* Pods_Instagram.framework */ = {isa = PBXFileReference; explicitFileType = wrapper.framework; includeInIndex = 0; path = Pods_Instagram.framework; sourceTree = BUILT_PRODUCTS_DIR; };
		5DB20D2E2FB022008F6CCB95 /* Pods-InstagramTests.release.xcconfig */ = {isa = PBXFileReference; includeInIndex = 1; lastKnownFileType = text.xcconfig; name = "Pods-InstagramTests.release.xcconfig"; path = "Target Support Files/Pods-InstagramTests/Pods-InstagramTests.release.xcconfig"; sourceTree = "<group>"; };
		62E5797DA32E4230D4BE7FAF /* Pods-Instagram.release.xcconfig */ = {isa = PBXFileReference; includeInIndex = 1; lastKnownFileType = text.xcconfig; name = "Pods-Instagram.release.xcconfig"; path = "Target Support Files/Pods-Instagram/Pods-Instagram.release.xcconfig"; sourceTree = "<group>"; };
		D09FFCF62694E7E2008B33B5 /* Instagram.app */ = {isa = PBXFileReference; explicitFileType = wrapper.application; includeInIndex = 0; path = Instagram.app; sourceTree = BUILT_PRODUCTS_DIR; };
		D09FFCF92694E7E2008B33B5 /* AppDelegate.h */ = {isa = PBXFileReference; lastKnownFileType = sourcecode.c.h; path = AppDelegate.h; sourceTree = "<group>"; };
		D09FFCFA2694E7E2008B33B5 /* AppDelegate.m */ = {isa = PBXFileReference; lastKnownFileType = sourcecode.c.objc; path = AppDelegate.m; sourceTree = "<group>"; };
		D09FFCFC2694E7E2008B33B5 /* SceneDelegate.h */ = {isa = PBXFileReference; lastKnownFileType = sourcecode.c.h; path = SceneDelegate.h; sourceTree = "<group>"; };
		D09FFCFD2694E7E2008B33B5 /* SceneDelegate.m */ = {isa = PBXFileReference; lastKnownFileType = sourcecode.c.objc; path = SceneDelegate.m; sourceTree = "<group>"; };
		D09FFCFF2694E7E2008B33B5 /* ViewController.h */ = {isa = PBXFileReference; lastKnownFileType = sourcecode.c.h; path = ViewController.h; sourceTree = "<group>"; };
		D09FFD002694E7E2008B33B5 /* ViewController.m */ = {isa = PBXFileReference; lastKnownFileType = sourcecode.c.objc; path = ViewController.m; sourceTree = "<group>"; };
		D09FFD032694E7E2008B33B5 /* Base */ = {isa = PBXFileReference; lastKnownFileType = file.storyboard; name = Base; path = Base.lproj/Main.storyboard; sourceTree = "<group>"; };
		D09FFD052694E7E4008B33B5 /* Assets.xcassets */ = {isa = PBXFileReference; lastKnownFileType = folder.assetcatalog; path = Assets.xcassets; sourceTree = "<group>"; };
		D09FFD082694E7E4008B33B5 /* Base */ = {isa = PBXFileReference; lastKnownFileType = file.storyboard; name = Base; path = Base.lproj/LaunchScreen.storyboard; sourceTree = "<group>"; };
		D09FFD0A2694E7E4008B33B5 /* Info.plist */ = {isa = PBXFileReference; lastKnownFileType = text.plist.xml; path = Info.plist; sourceTree = "<group>"; };
		D09FFD0B2694E7E4008B33B5 /* main.m */ = {isa = PBXFileReference; lastKnownFileType = sourcecode.c.objc; path = main.m; sourceTree = "<group>"; };
		D09FFD112694E7E4008B33B5 /* InstagramTests.xctest */ = {isa = PBXFileReference; explicitFileType = wrapper.cfbundle; includeInIndex = 0; path = InstagramTests.xctest; sourceTree = BUILT_PRODUCTS_DIR; };
		D09FFD152694E7E4008B33B5 /* InstagramTests.m */ = {isa = PBXFileReference; lastKnownFileType = sourcecode.c.objc; path = InstagramTests.m; sourceTree = "<group>"; };
		D09FFD172694E7E4008B33B5 /* Info.plist */ = {isa = PBXFileReference; lastKnownFileType = text.plist.xml; path = Info.plist; sourceTree = "<group>"; };
		D09FFD1C2694E7E4008B33B5 /* InstagramUITests.xctest */ = {isa = PBXFileReference; explicitFileType = wrapper.cfbundle; includeInIndex = 0; path = InstagramUITests.xctest; sourceTree = BUILT_PRODUCTS_DIR; };
		D09FFD202694E7E4008B33B5 /* InstagramUITests.m */ = {isa = PBXFileReference; lastKnownFileType = sourcecode.c.objc; path = InstagramUITests.m; sourceTree = "<group>"; };
		D09FFD222694E7E4008B33B5 /* Info.plist */ = {isa = PBXFileReference; lastKnownFileType = text.plist.xml; path = Info.plist; sourceTree = "<group>"; };
		D09FFD2E2694EBC6008B33B5 /* Keys.plist */ = {isa = PBXFileReference; lastKnownFileType = text.plist.xml; path = Keys.plist; sourceTree = "<group>"; };
		D09FFD312694F3BC008B33B5 /* LoginViewController.h */ = {isa = PBXFileReference; lastKnownFileType = sourcecode.c.h; path = LoginViewController.h; sourceTree = "<group>"; };
		D09FFD322694F3BC008B33B5 /* LoginViewController.m */ = {isa = PBXFileReference; lastKnownFileType = sourcecode.c.objc; path = LoginViewController.m; sourceTree = "<group>"; };
		D09FFD342694F911008B33B5 /* HomeFeedViewController.h */ = {isa = PBXFileReference; lastKnownFileType = sourcecode.c.h; path = HomeFeedViewController.h; sourceTree = "<group>"; };
		D09FFD352694F911008B33B5 /* HomeFeedViewController.m */ = {isa = PBXFileReference; lastKnownFileType = sourcecode.c.objc; path = HomeFeedViewController.m; sourceTree = "<group>"; };
		D09FFD372695110D008B33B5 /* PhotoMapViewController.h */ = {isa = PBXFileReference; lastKnownFileType = sourcecode.c.h; path = PhotoMapViewController.h; sourceTree = "<group>"; };
		D09FFD382695110D008B33B5 /* PhotoMapViewController.m */ = {isa = PBXFileReference; lastKnownFileType = sourcecode.c.objc; path = PhotoMapViewController.m; sourceTree = "<group>"; };
		D09FFD3E26951FE3008B33B5 /* Post.h */ = {isa = PBXFileReference; lastKnownFileType = sourcecode.c.h; path = Post.h; sourceTree = "<group>"; };
		D09FFD3F26951FE3008B33B5 /* Post.m */ = {isa = PBXFileReference; lastKnownFileType = sourcecode.c.objc; path = Post.m; sourceTree = "<group>"; };
		DADA7BE50F2B995E43001755 /* Pods-Instagram-InstagramUITests.release.xcconfig */ = {isa = PBXFileReference; includeInIndex = 1; lastKnownFileType = text.xcconfig; name = "Pods-Instagram-InstagramUITests.release.xcconfig"; path = "Target Support Files/Pods-Instagram-InstagramUITests/Pods-Instagram-InstagramUITests.release.xcconfig"; sourceTree = "<group>"; };
		E0AE108F717F8FFCD6FD0B7B /* Pods-Instagram-InstagramUITests.debug.xcconfig */ = {isa = PBXFileReference; includeInIndex = 1; lastKnownFileType = text.xcconfig; name = "Pods-Instagram-InstagramUITests.debug.xcconfig"; path = "Target Support Files/Pods-Instagram-InstagramUITests/Pods-Instagram-InstagramUITests.debug.xcconfig"; sourceTree = "<group>"; };
		ECBCD78F81DD24F2112C6E51 /* Pods_InstagramTests.framework */ = {isa = PBXFileReference; explicitFileType = wrapper.framework; includeInIndex = 0; path = Pods_InstagramTests.framework; sourceTree = BUILT_PRODUCTS_DIR; };
/* End PBXFileReference section */

/* Begin PBXFrameworksBuildPhase section */
		D09FFCF32694E7E2008B33B5 /* Frameworks */ = {
			isa = PBXFrameworksBuildPhase;
			buildActionMask = 2147483647;
			files = (
				47FC102A630649B871BD4F48 /* Pods_Instagram.framework in Frameworks */,
			);
			runOnlyForDeploymentPostprocessing = 0;
		};
		D09FFD0E2694E7E4008B33B5 /* Frameworks */ = {
			isa = PBXFrameworksBuildPhase;
			buildActionMask = 2147483647;
			files = (
				28D67430697DB250727010CC /* Pods_InstagramTests.framework in Frameworks */,
			);
			runOnlyForDeploymentPostprocessing = 0;
		};
		D09FFD192694E7E4008B33B5 /* Frameworks */ = {
			isa = PBXFrameworksBuildPhase;
			buildActionMask = 2147483647;
			files = (
				77EEBBCA7301F8EC78A12E61 /* Pods_Instagram_InstagramUITests.framework in Frameworks */,
			);
			runOnlyForDeploymentPostprocessing = 0;
		};
/* End PBXFrameworksBuildPhase section */

/* Begin PBXGroup section */
		6C1B193E81A3F9D4BED7F026 /* Frameworks */ = {
			isa = PBXGroup;
			children = (
				27D9DAF593B2195D73880352 /* Pods_Instagram.framework */,
				0751B9C94954BB55AEBD9E14 /* Pods_Instagram_InstagramUITests.framework */,
				ECBCD78F81DD24F2112C6E51 /* Pods_InstagramTests.framework */,
			);
			name = Frameworks;
			sourceTree = "<group>";
		};
		C6D83D1BB5661655054D45EC /* Pods */ = {
			isa = PBXGroup;
			children = (
				19C80B08C6F129FC866CEE5C /* Pods-Instagram.debug.xcconfig */,
				62E5797DA32E4230D4BE7FAF /* Pods-Instagram.release.xcconfig */,
				E0AE108F717F8FFCD6FD0B7B /* Pods-Instagram-InstagramUITests.debug.xcconfig */,
				DADA7BE50F2B995E43001755 /* Pods-Instagram-InstagramUITests.release.xcconfig */,
				0AE406134F1FE79FEC8E9A97 /* Pods-InstagramTests.debug.xcconfig */,
				5DB20D2E2FB022008F6CCB95 /* Pods-InstagramTests.release.xcconfig */,
			);
			path = Pods;
			sourceTree = "<group>";
		};
		D09FFCED2694E7E2008B33B5 = {
			isa = PBXGroup;
			children = (
				D09FFCF82694E7E2008B33B5 /* Instagram */,
				D09FFD142694E7E4008B33B5 /* InstagramTests */,
				D09FFD1F2694E7E4008B33B5 /* InstagramUITests */,
				D09FFCF72694E7E2008B33B5 /* Products */,
				C6D83D1BB5661655054D45EC /* Pods */,
				6C1B193E81A3F9D4BED7F026 /* Frameworks */,
			);
			sourceTree = "<group>";
		};
		D09FFCF72694E7E2008B33B5 /* Products */ = {
			isa = PBXGroup;
			children = (
				D09FFCF62694E7E2008B33B5 /* Instagram.app */,
				D09FFD112694E7E4008B33B5 /* InstagramTests.xctest */,
				D09FFD1C2694E7E4008B33B5 /* InstagramUITests.xctest */,
			);
			name = Products;
			sourceTree = "<group>";
		};
		D09FFCF82694E7E2008B33B5 /* Instagram */ = {
			isa = PBXGroup;
			children = (
				D09FFD3A26951D7A008B33B5 /* Models */,
				D09FFD302694F3A6008B33B5 /* View Controllers */,
				D09FFCF92694E7E2008B33B5 /* AppDelegate.h */,
				D09FFCFA2694E7E2008B33B5 /* AppDelegate.m */,
				D09FFCFC2694E7E2008B33B5 /* SceneDelegate.h */,
				D09FFCFD2694E7E2008B33B5 /* SceneDelegate.m */,
				D09FFCFF2694E7E2008B33B5 /* ViewController.h */,
				D09FFD002694E7E2008B33B5 /* ViewController.m */,
				D09FFD022694E7E2008B33B5 /* Main.storyboard */,
				D09FFD052694E7E4008B33B5 /* Assets.xcassets */,
				D09FFD072694E7E4008B33B5 /* LaunchScreen.storyboard */,
				D09FFD0A2694E7E4008B33B5 /* Info.plist */,
				D09FFD0B2694E7E4008B33B5 /* main.m */,
				D09FFD2E2694EBC6008B33B5 /* Keys.plist */,
			);
			path = Instagram;
			sourceTree = "<group>";
		};
		D09FFD142694E7E4008B33B5 /* InstagramTests */ = {
			isa = PBXGroup;
			children = (
				D09FFD152694E7E4008B33B5 /* InstagramTests.m */,
				D09FFD172694E7E4008B33B5 /* Info.plist */,
			);
			path = InstagramTests;
			sourceTree = "<group>";
		};
		D09FFD1F2694E7E4008B33B5 /* InstagramUITests */ = {
			isa = PBXGroup;
			children = (
				D09FFD202694E7E4008B33B5 /* InstagramUITests.m */,
				D09FFD222694E7E4008B33B5 /* Info.plist */,
			);
			path = InstagramUITests;
			sourceTree = "<group>";
		};
		D09FFD302694F3A6008B33B5 /* View Controllers */ = {
			isa = PBXGroup;
			children = (
				D09FFD312694F3BC008B33B5 /* LoginViewController.h */,
				D09FFD322694F3BC008B33B5 /* LoginViewController.m */,
				D09FFD342694F911008B33B5 /* HomeFeedViewController.h */,
				D09FFD352694F911008B33B5 /* HomeFeedViewController.m */,
				D09FFD372695110D008B33B5 /* PhotoMapViewController.h */,
				D09FFD382695110D008B33B5 /* PhotoMapViewController.m */,
			);
			path = "View Controllers";
			sourceTree = "<group>";
		};
		D09FFD3A26951D7A008B33B5 /* Models */ = {
			isa = PBXGroup;
			children = (
				D09FFD3E26951FE3008B33B5 /* Post.h */,
				D09FFD3F26951FE3008B33B5 /* Post.m */,
			);
			path = Models;
			sourceTree = "<group>";
		};
/* End PBXGroup section */

/* Begin PBXNativeTarget section */
		D09FFCF52694E7E2008B33B5 /* Instagram */ = {
			isa = PBXNativeTarget;
			buildConfigurationList = D09FFD252694E7E4008B33B5 /* Build configuration list for PBXNativeTarget "Instagram" */;
			buildPhases = (
				8550FEC6EE5B29B2B60E39B1 /* [CP] Check Pods Manifest.lock */,
				D09FFCF22694E7E2008B33B5 /* Sources */,
				D09FFCF32694E7E2008B33B5 /* Frameworks */,
				D09FFCF42694E7E2008B33B5 /* Resources */,
				4FE29884A31CEE6913A6F490 /* [CP] Embed Pods Frameworks */,
			);
			buildRules = (
			);
			dependencies = (
			);
			name = Instagram;
			productName = Instagram;
			productReference = D09FFCF62694E7E2008B33B5 /* Instagram.app */;
			productType = "com.apple.product-type.application";
		};
		D09FFD102694E7E4008B33B5 /* InstagramTests */ = {
			isa = PBXNativeTarget;
			buildConfigurationList = D09FFD282694E7E4008B33B5 /* Build configuration list for PBXNativeTarget "InstagramTests" */;
			buildPhases = (
				62E922EA5ACB54C1DBDACD69 /* [CP] Check Pods Manifest.lock */,
				D09FFD0D2694E7E4008B33B5 /* Sources */,
				D09FFD0E2694E7E4008B33B5 /* Frameworks */,
				D09FFD0F2694E7E4008B33B5 /* Resources */,
			);
			buildRules = (
			);
			dependencies = (
				D09FFD132694E7E4008B33B5 /* PBXTargetDependency */,
			);
			name = InstagramTests;
			productName = InstagramTests;
			productReference = D09FFD112694E7E4008B33B5 /* InstagramTests.xctest */;
			productType = "com.apple.product-type.bundle.unit-test";
		};
		D09FFD1B2694E7E4008B33B5 /* InstagramUITests */ = {
			isa = PBXNativeTarget;
			buildConfigurationList = D09FFD2B2694E7E4008B33B5 /* Build configuration list for PBXNativeTarget "InstagramUITests" */;
			buildPhases = (
				772333D5D7BA0CBA7DD58F77 /* [CP] Check Pods Manifest.lock */,
				D09FFD182694E7E4008B33B5 /* Sources */,
				D09FFD192694E7E4008B33B5 /* Frameworks */,
				D09FFD1A2694E7E4008B33B5 /* Resources */,
				C095DD682CEFB5BB035FD92B /* [CP] Embed Pods Frameworks */,
			);
			buildRules = (
			);
			dependencies = (
				D09FFD1E2694E7E4008B33B5 /* PBXTargetDependency */,
			);
			name = InstagramUITests;
			productName = InstagramUITests;
			productReference = D09FFD1C2694E7E4008B33B5 /* InstagramUITests.xctest */;
			productType = "com.apple.product-type.bundle.ui-testing";
		};
/* End PBXNativeTarget section */

/* Begin PBXProject section */
		D09FFCEE2694E7E2008B33B5 /* Project object */ = {
			isa = PBXProject;
			attributes = {
				LastUpgradeCheck = 1250;
				TargetAttributes = {
					D09FFCF52694E7E2008B33B5 = {
						CreatedOnToolsVersion = 12.5.1;
					};
					D09FFD102694E7E4008B33B5 = {
						CreatedOnToolsVersion = 12.5.1;
						TestTargetID = D09FFCF52694E7E2008B33B5;
					};
					D09FFD1B2694E7E4008B33B5 = {
						CreatedOnToolsVersion = 12.5.1;
						TestTargetID = D09FFCF52694E7E2008B33B5;
					};
				};
			};
			buildConfigurationList = D09FFCF12694E7E2008B33B5 /* Build configuration list for PBXProject "Instagram" */;
			compatibilityVersion = "Xcode 9.3";
			developmentRegion = en;
			hasScannedForEncodings = 0;
			knownRegions = (
				en,
				Base,
			);
			mainGroup = D09FFCED2694E7E2008B33B5;
			productRefGroup = D09FFCF72694E7E2008B33B5 /* Products */;
			projectDirPath = "";
			projectRoot = "";
			targets = (
				D09FFCF52694E7E2008B33B5 /* Instagram */,
				D09FFD102694E7E4008B33B5 /* InstagramTests */,
				D09FFD1B2694E7E4008B33B5 /* InstagramUITests */,
			);
		};
/* End PBXProject section */

/* Begin PBXResourcesBuildPhase section */
		D09FFCF42694E7E2008B33B5 /* Resources */ = {
			isa = PBXResourcesBuildPhase;
			buildActionMask = 2147483647;
			files = (
				D09FFD2F2694EBC6008B33B5 /* Keys.plist in Resources */,
				D09FFD092694E7E4008B33B5 /* LaunchScreen.storyboard in Resources */,
				D09FFD062694E7E4008B33B5 /* Assets.xcassets in Resources */,
				D09FFD042694E7E2008B33B5 /* Main.storyboard in Resources */,
			);
			runOnlyForDeploymentPostprocessing = 0;
		};
		D09FFD0F2694E7E4008B33B5 /* Resources */ = {
			isa = PBXResourcesBuildPhase;
			buildActionMask = 2147483647;
			files = (
			);
			runOnlyForDeploymentPostprocessing = 0;
		};
		D09FFD1A2694E7E4008B33B5 /* Resources */ = {
			isa = PBXResourcesBuildPhase;
			buildActionMask = 2147483647;
			files = (
			);
			runOnlyForDeploymentPostprocessing = 0;
		};
/* End PBXResourcesBuildPhase section */

/* Begin PBXShellScriptBuildPhase section */
		4FE29884A31CEE6913A6F490 /* [CP] Embed Pods Frameworks */ = {
			isa = PBXShellScriptBuildPhase;
			buildActionMask = 2147483647;
			files = (
			);
			inputFileListPaths = (
				"${PODS_ROOT}/Target Support Files/Pods-Instagram/Pods-Instagram-frameworks-${CONFIGURATION}-input-files.xcfilelist",
			);
			name = "[CP] Embed Pods Frameworks";
			outputFileListPaths = (
				"${PODS_ROOT}/Target Support Files/Pods-Instagram/Pods-Instagram-frameworks-${CONFIGURATION}-output-files.xcfilelist",
			);
			runOnlyForDeploymentPostprocessing = 0;
			shellPath = /bin/sh;
			shellScript = "\"${PODS_ROOT}/Target Support Files/Pods-Instagram/Pods-Instagram-frameworks.sh\"\n";
			showEnvVarsInLog = 0;
		};
		62E922EA5ACB54C1DBDACD69 /* [CP] Check Pods Manifest.lock */ = {
			isa = PBXShellScriptBuildPhase;
			buildActionMask = 2147483647;
			files = (
			);
			inputFileListPaths = (
			);
			inputPaths = (
				"${PODS_PODFILE_DIR_PATH}/Podfile.lock",
				"${PODS_ROOT}/Manifest.lock",
			);
			name = "[CP] Check Pods Manifest.lock";
			outputFileListPaths = (
			);
			outputPaths = (
				"$(DERIVED_FILE_DIR)/Pods-InstagramTests-checkManifestLockResult.txt",
			);
			runOnlyForDeploymentPostprocessing = 0;
			shellPath = /bin/sh;
			shellScript = "diff \"${PODS_PODFILE_DIR_PATH}/Podfile.lock\" \"${PODS_ROOT}/Manifest.lock\" > /dev/null\nif [ $? != 0 ] ; then\n    # print error to STDERR\n    echo \"error: The sandbox is not in sync with the Podfile.lock. Run 'pod install' or update your CocoaPods installation.\" >&2\n    exit 1\nfi\n# This output is used by Xcode 'outputs' to avoid re-running this script phase.\necho \"SUCCESS\" > \"${SCRIPT_OUTPUT_FILE_0}\"\n";
			showEnvVarsInLog = 0;
		};
		772333D5D7BA0CBA7DD58F77 /* [CP] Check Pods Manifest.lock */ = {
			isa = PBXShellScriptBuildPhase;
			buildActionMask = 2147483647;
			files = (
			);
			inputFileListPaths = (
			);
			inputPaths = (
				"${PODS_PODFILE_DIR_PATH}/Podfile.lock",
				"${PODS_ROOT}/Manifest.lock",
			);
			name = "[CP] Check Pods Manifest.lock";
			outputFileListPaths = (
			);
			outputPaths = (
				"$(DERIVED_FILE_DIR)/Pods-Instagram-InstagramUITests-checkManifestLockResult.txt",
			);
			runOnlyForDeploymentPostprocessing = 0;
			shellPath = /bin/sh;
			shellScript = "diff \"${PODS_PODFILE_DIR_PATH}/Podfile.lock\" \"${PODS_ROOT}/Manifest.lock\" > /dev/null\nif [ $? != 0 ] ; then\n    # print error to STDERR\n    echo \"error: The sandbox is not in sync with the Podfile.lock. Run 'pod install' or update your CocoaPods installation.\" >&2\n    exit 1\nfi\n# This output is used by Xcode 'outputs' to avoid re-running this script phase.\necho \"SUCCESS\" > \"${SCRIPT_OUTPUT_FILE_0}\"\n";
			showEnvVarsInLog = 0;
		};
		8550FEC6EE5B29B2B60E39B1 /* [CP] Check Pods Manifest.lock */ = {
			isa = PBXShellScriptBuildPhase;
			buildActionMask = 2147483647;
			files = (
			);
			inputFileListPaths = (
			);
			inputPaths = (
				"${PODS_PODFILE_DIR_PATH}/Podfile.lock",
				"${PODS_ROOT}/Manifest.lock",
			);
			name = "[CP] Check Pods Manifest.lock";
			outputFileListPaths = (
			);
			outputPaths = (
				"$(DERIVED_FILE_DIR)/Pods-Instagram-checkManifestLockResult.txt",
			);
			runOnlyForDeploymentPostprocessing = 0;
			shellPath = /bin/sh;
			shellScript = "diff \"${PODS_PODFILE_DIR_PATH}/Podfile.lock\" \"${PODS_ROOT}/Manifest.lock\" > /dev/null\nif [ $? != 0 ] ; then\n    # print error to STDERR\n    echo \"error: The sandbox is not in sync with the Podfile.lock. Run 'pod install' or update your CocoaPods installation.\" >&2\n    exit 1\nfi\n# This output is used by Xcode 'outputs' to avoid re-running this script phase.\necho \"SUCCESS\" > \"${SCRIPT_OUTPUT_FILE_0}\"\n";
			showEnvVarsInLog = 0;
		};
		C095DD682CEFB5BB035FD92B /* [CP] Embed Pods Frameworks */ = {
			isa = PBXShellScriptBuildPhase;
			buildActionMask = 2147483647;
			files = (
			);
			inputFileListPaths = (
				"${PODS_ROOT}/Target Support Files/Pods-Instagram-InstagramUITests/Pods-Instagram-InstagramUITests-frameworks-${CONFIGURATION}-input-files.xcfilelist",
			);
			name = "[CP] Embed Pods Frameworks";
			outputFileListPaths = (
				"${PODS_ROOT}/Target Support Files/Pods-Instagram-InstagramUITests/Pods-Instagram-InstagramUITests-frameworks-${CONFIGURATION}-output-files.xcfilelist",
			);
			runOnlyForDeploymentPostprocessing = 0;
			shellPath = /bin/sh;
			shellScript = "\"${PODS_ROOT}/Target Support Files/Pods-Instagram-InstagramUITests/Pods-Instagram-InstagramUITests-frameworks.sh\"\n";
			showEnvVarsInLog = 0;
		};
/* End PBXShellScriptBuildPhase section */

/* Begin PBXSourcesBuildPhase section */
		D09FFCF22694E7E2008B33B5 /* Sources */ = {
			isa = PBXSourcesBuildPhase;
			buildActionMask = 2147483647;
			files = (
				D09FFD012694E7E2008B33B5 /* ViewController.m in Sources */,
				D09FFD362694F911008B33B5 /* HomeFeedViewController.m in Sources */,
				D09FFCFB2694E7E2008B33B5 /* AppDelegate.m in Sources */,
				D09FFD0C2694E7E4008B33B5 /* main.m in Sources */,
				D09FFD392695110D008B33B5 /* PhotoMapViewController.m in Sources */,
				D09FFCFE2694E7E2008B33B5 /* SceneDelegate.m in Sources */,
				D09FFD332694F3BC008B33B5 /* LoginViewController.m in Sources */,
				D09FFD4026951FE3008B33B5 /* Post.m in Sources */,
			);
			runOnlyForDeploymentPostprocessing = 0;
		};
		D09FFD0D2694E7E4008B33B5 /* Sources */ = {
			isa = PBXSourcesBuildPhase;
			buildActionMask = 2147483647;
			files = (
				D09FFD162694E7E4008B33B5 /* InstagramTests.m in Sources */,
			);
			runOnlyForDeploymentPostprocessing = 0;
		};
		D09FFD182694E7E4008B33B5 /* Sources */ = {
			isa = PBXSourcesBuildPhase;
			buildActionMask = 2147483647;
			files = (
				D09FFD212694E7E4008B33B5 /* InstagramUITests.m in Sources */,
			);
			runOnlyForDeploymentPostprocessing = 0;
		};
/* End PBXSourcesBuildPhase section */

/* Begin PBXTargetDependency section */
		D09FFD132694E7E4008B33B5 /* PBXTargetDependency */ = {
			isa = PBXTargetDependency;
			target = D09FFCF52694E7E2008B33B5 /* Instagram */;
			targetProxy = D09FFD122694E7E4008B33B5 /* PBXContainerItemProxy */;
		};
		D09FFD1E2694E7E4008B33B5 /* PBXTargetDependency */ = {
			isa = PBXTargetDependency;
			target = D09FFCF52694E7E2008B33B5 /* Instagram */;
			targetProxy = D09FFD1D2694E7E4008B33B5 /* PBXContainerItemProxy */;
		};
/* End PBXTargetDependency section */

/* Begin PBXVariantGroup section */
		D09FFD022694E7E2008B33B5 /* Main.storyboard */ = {
			isa = PBXVariantGroup;
			children = (
				D09FFD032694E7E2008B33B5 /* Base */,
			);
			name = Main.storyboard;
			sourceTree = "<group>";
		};
		D09FFD072694E7E4008B33B5 /* LaunchScreen.storyboard */ = {
			isa = PBXVariantGroup;
			children = (
				D09FFD082694E7E4008B33B5 /* Base */,
			);
			name = LaunchScreen.storyboard;
			sourceTree = "<group>";
		};
/* End PBXVariantGroup section */

/* Begin XCBuildConfiguration section */
		D09FFD232694E7E4008B33B5 /* Debug */ = {
			isa = XCBuildConfiguration;
			buildSettings = {
				ALWAYS_SEARCH_USER_PATHS = NO;
				CLANG_ANALYZER_NONNULL = YES;
				CLANG_ANALYZER_NUMBER_OBJECT_CONVERSION = YES_AGGRESSIVE;
				CLANG_CXX_LANGUAGE_STANDARD = "gnu++14";
				CLANG_CXX_LIBRARY = "libc++";
				CLANG_ENABLE_MODULES = YES;
				CLANG_ENABLE_OBJC_ARC = YES;
				CLANG_ENABLE_OBJC_WEAK = YES;
				CLANG_WARN_BLOCK_CAPTURE_AUTORELEASING = YES;
				CLANG_WARN_BOOL_CONVERSION = YES;
				CLANG_WARN_COMMA = YES;
				CLANG_WARN_CONSTANT_CONVERSION = YES;
				CLANG_WARN_DEPRECATED_OBJC_IMPLEMENTATIONS = YES;
				CLANG_WARN_DIRECT_OBJC_ISA_USAGE = YES_ERROR;
				CLANG_WARN_DOCUMENTATION_COMMENTS = YES;
				CLANG_WARN_EMPTY_BODY = YES;
				CLANG_WARN_ENUM_CONVERSION = YES;
				CLANG_WARN_INFINITE_RECURSION = YES;
				CLANG_WARN_INT_CONVERSION = YES;
				CLANG_WARN_NON_LITERAL_NULL_CONVERSION = YES;
				CLANG_WARN_OBJC_IMPLICIT_RETAIN_SELF = YES;
				CLANG_WARN_OBJC_LITERAL_CONVERSION = YES;
				CLANG_WARN_OBJC_ROOT_CLASS = YES_ERROR;
				CLANG_WARN_QUOTED_INCLUDE_IN_FRAMEWORK_HEADER = YES;
				CLANG_WARN_RANGE_LOOP_ANALYSIS = YES;
				CLANG_WARN_STRICT_PROTOTYPES = YES;
				CLANG_WARN_SUSPICIOUS_MOVE = YES;
				CLANG_WARN_UNGUARDED_AVAILABILITY = YES_AGGRESSIVE;
				CLANG_WARN_UNREACHABLE_CODE = YES;
				CLANG_WARN__DUPLICATE_METHOD_MATCH = YES;
				COPY_PHASE_STRIP = NO;
				DEBUG_INFORMATION_FORMAT = dwarf;
				ENABLE_STRICT_OBJC_MSGSEND = YES;
				ENABLE_TESTABILITY = YES;
				GCC_C_LANGUAGE_STANDARD = gnu11;
				GCC_DYNAMIC_NO_PIC = NO;
				GCC_NO_COMMON_BLOCKS = YES;
				GCC_OPTIMIZATION_LEVEL = 0;
				GCC_PREPROCESSOR_DEFINITIONS = (
					"DEBUG=1",
					"$(inherited)",
				);
				GCC_WARN_64_TO_32_BIT_CONVERSION = YES;
				GCC_WARN_ABOUT_RETURN_TYPE = YES_ERROR;
				GCC_WARN_UNDECLARED_SELECTOR = YES;
				GCC_WARN_UNINITIALIZED_AUTOS = YES_AGGRESSIVE;
				GCC_WARN_UNUSED_FUNCTION = YES;
				GCC_WARN_UNUSED_VARIABLE = YES;
				IPHONEOS_DEPLOYMENT_TARGET = 14.5;
				MTL_ENABLE_DEBUG_INFO = INCLUDE_SOURCE;
				MTL_FAST_MATH = YES;
				ONLY_ACTIVE_ARCH = YES;
				SDKROOT = iphoneos;
			};
			name = Debug;
		};
		D09FFD242694E7E4008B33B5 /* Release */ = {
			isa = XCBuildConfiguration;
			buildSettings = {
				ALWAYS_SEARCH_USER_PATHS = NO;
				CLANG_ANALYZER_NONNULL = YES;
				CLANG_ANALYZER_NUMBER_OBJECT_CONVERSION = YES_AGGRESSIVE;
				CLANG_CXX_LANGUAGE_STANDARD = "gnu++14";
				CLANG_CXX_LIBRARY = "libc++";
				CLANG_ENABLE_MODULES = YES;
				CLANG_ENABLE_OBJC_ARC = YES;
				CLANG_ENABLE_OBJC_WEAK = YES;
				CLANG_WARN_BLOCK_CAPTURE_AUTORELEASING = YES;
				CLANG_WARN_BOOL_CONVERSION = YES;
				CLANG_WARN_COMMA = YES;
				CLANG_WARN_CONSTANT_CONVERSION = YES;
				CLANG_WARN_DEPRECATED_OBJC_IMPLEMENTATIONS = YES;
				CLANG_WARN_DIRECT_OBJC_ISA_USAGE = YES_ERROR;
				CLANG_WARN_DOCUMENTATION_COMMENTS = YES;
				CLANG_WARN_EMPTY_BODY = YES;
				CLANG_WARN_ENUM_CONVERSION = YES;
				CLANG_WARN_INFINITE_RECURSION = YES;
				CLANG_WARN_INT_CONVERSION = YES;
				CLANG_WARN_NON_LITERAL_NULL_CONVERSION = YES;
				CLANG_WARN_OBJC_IMPLICIT_RETAIN_SELF = YES;
				CLANG_WARN_OBJC_LITERAL_CONVERSION = YES;
				CLANG_WARN_OBJC_ROOT_CLASS = YES_ERROR;
				CLANG_WARN_QUOTED_INCLUDE_IN_FRAMEWORK_HEADER = YES;
				CLANG_WARN_RANGE_LOOP_ANALYSIS = YES;
				CLANG_WARN_STRICT_PROTOTYPES = YES;
				CLANG_WARN_SUSPICIOUS_MOVE = YES;
				CLANG_WARN_UNGUARDED_AVAILABILITY = YES_AGGRESSIVE;
				CLANG_WARN_UNREACHABLE_CODE = YES;
				CLANG_WARN__DUPLICATE_METHOD_MATCH = YES;
				COPY_PHASE_STRIP = NO;
				DEBUG_INFORMATION_FORMAT = "dwarf-with-dsym";
				ENABLE_NS_ASSERTIONS = NO;
				ENABLE_STRICT_OBJC_MSGSEND = YES;
				GCC_C_LANGUAGE_STANDARD = gnu11;
				GCC_NO_COMMON_BLOCKS = YES;
				GCC_WARN_64_TO_32_BIT_CONVERSION = YES;
				GCC_WARN_ABOUT_RETURN_TYPE = YES_ERROR;
				GCC_WARN_UNDECLARED_SELECTOR = YES;
				GCC_WARN_UNINITIALIZED_AUTOS = YES_AGGRESSIVE;
				GCC_WARN_UNUSED_FUNCTION = YES;
				GCC_WARN_UNUSED_VARIABLE = YES;
				IPHONEOS_DEPLOYMENT_TARGET = 14.5;
				MTL_ENABLE_DEBUG_INFO = NO;
				MTL_FAST_MATH = YES;
				SDKROOT = iphoneos;
				VALIDATE_PRODUCT = YES;
			};
			name = Release;
		};
		D09FFD262694E7E4008B33B5 /* Debug */ = {
			isa = XCBuildConfiguration;
			baseConfigurationReference = 19C80B08C6F129FC866CEE5C /* Pods-Instagram.debug.xcconfig */;
			buildSettings = {
				ASSETCATALOG_COMPILER_APPICON_NAME = AppIcon;
				ASSETCATALOG_COMPILER_GLOBAL_ACCENT_COLOR_NAME = AccentColor;
				CODE_SIGN_STYLE = Automatic;
				DEVELOPMENT_TEAM = DHFZKU4548;
				INFOPLIST_FILE = Instagram/Info.plist;
				LD_RUNPATH_SEARCH_PATHS = (
					"$(inherited)",
					"@executable_path/Frameworks",
				);
				PRODUCT_BUNDLE_IDENTIFIER = com.mac2492.Instagram;
				PRODUCT_NAME = "$(TARGET_NAME)";
				TARGETED_DEVICE_FAMILY = "1,2";
			};
			name = Debug;
		};
		D09FFD272694E7E4008B33B5 /* Release */ = {
			isa = XCBuildConfiguration;
			baseConfigurationReference = 62E5797DA32E4230D4BE7FAF /* Pods-Instagram.release.xcconfig */;
			buildSettings = {
				ASSETCATALOG_COMPILER_APPICON_NAME = AppIcon;
				ASSETCATALOG_COMPILER_GLOBAL_ACCENT_COLOR_NAME = AccentColor;
				CODE_SIGN_STYLE = Automatic;
				DEVELOPMENT_TEAM = DHFZKU4548;
				INFOPLIST_FILE = Instagram/Info.plist;
				LD_RUNPATH_SEARCH_PATHS = (
					"$(inherited)",
					"@executable_path/Frameworks",
				);
				PRODUCT_BUNDLE_IDENTIFIER = com.mac2492.Instagram;
				PRODUCT_NAME = "$(TARGET_NAME)";
				TARGETED_DEVICE_FAMILY = "1,2";
			};
			name = Release;
		};
		D09FFD292694E7E4008B33B5 /* Debug */ = {
			isa = XCBuildConfiguration;
			baseConfigurationReference = 0AE406134F1FE79FEC8E9A97 /* Pods-InstagramTests.debug.xcconfig */;
			buildSettings = {
				BUNDLE_LOADER = "$(TEST_HOST)";
				CODE_SIGN_STYLE = Automatic;
				DEVELOPMENT_TEAM = DHFZKU4548;
				INFOPLIST_FILE = InstagramTests/Info.plist;
				IPHONEOS_DEPLOYMENT_TARGET = 14.5;
				LD_RUNPATH_SEARCH_PATHS = (
					"$(inherited)",
					"@executable_path/Frameworks",
					"@loader_path/Frameworks",
				);
				PRODUCT_BUNDLE_IDENTIFIER = com.mac2492.InstagramTests;
				PRODUCT_NAME = "$(TARGET_NAME)";
				TARGETED_DEVICE_FAMILY = "1,2";
				TEST_HOST = "$(BUILT_PRODUCTS_DIR)/Instagram.app/Instagram";
			};
			name = Debug;
		};
		D09FFD2A2694E7E4008B33B5 /* Release */ = {
			isa = XCBuildConfiguration;
			baseConfigurationReference = 5DB20D2E2FB022008F6CCB95 /* Pods-InstagramTests.release.xcconfig */;
			buildSettings = {
				BUNDLE_LOADER = "$(TEST_HOST)";
				CODE_SIGN_STYLE = Automatic;
				DEVELOPMENT_TEAM = DHFZKU4548;
				INFOPLIST_FILE = InstagramTests/Info.plist;
				IPHONEOS_DEPLOYMENT_TARGET = 14.5;
				LD_RUNPATH_SEARCH_PATHS = (
					"$(inherited)",
					"@executable_path/Frameworks",
					"@loader_path/Frameworks",
				);
				PRODUCT_BUNDLE_IDENTIFIER = com.mac2492.InstagramTests;
				PRODUCT_NAME = "$(TARGET_NAME)";
				TARGETED_DEVICE_FAMILY = "1,2";
				TEST_HOST = "$(BUILT_PRODUCTS_DIR)/Instagram.app/Instagram";
			};
			name = Release;
		};
		D09FFD2C2694E7E4008B33B5 /* Debug */ = {
			isa = XCBuildConfiguration;
			baseConfigurationReference = E0AE108F717F8FFCD6FD0B7B /* Pods-Instagram-InstagramUITests.debug.xcconfig */;
			buildSettings = {
				CODE_SIGN_STYLE = Automatic;
				DEVELOPMENT_TEAM = DHFZKU4548;
				INFOPLIST_FILE = InstagramUITests/Info.plist;
				LD_RUNPATH_SEARCH_PATHS = (
					"$(inherited)",
					"@executable_path/Frameworks",
					"@loader_path/Frameworks",
				);
				PRODUCT_BUNDLE_IDENTIFIER = com.mac2492.InstagramUITests;
				PRODUCT_NAME = "$(TARGET_NAME)";
				TARGETED_DEVICE_FAMILY = "1,2";
				TEST_TARGET_NAME = Instagram;
			};
			name = Debug;
		};
		D09FFD2D2694E7E4008B33B5 /* Release */ = {
			isa = XCBuildConfiguration;
			baseConfigurationReference = DADA7BE50F2B995E43001755 /* Pods-Instagram-InstagramUITests.release.xcconfig */;
			buildSettings = {
				CODE_SIGN_STYLE = Automatic;
				DEVELOPMENT_TEAM = DHFZKU4548;
				INFOPLIST_FILE = InstagramUITests/Info.plist;
				LD_RUNPATH_SEARCH_PATHS = (
					"$(inherited)",
					"@executable_path/Frameworks",
					"@loader_path/Frameworks",
				);
				PRODUCT_BUNDLE_IDENTIFIER = com.mac2492.InstagramUITests;
				PRODUCT_NAME = "$(TARGET_NAME)";
				TARGETED_DEVICE_FAMILY = "1,2";
				TEST_TARGET_NAME = Instagram;
			};
			name = Release;
		};
/* End XCBuildConfiguration section */

/* Begin XCConfigurationList section */
		D09FFCF12694E7E2008B33B5 /* Build configuration list for PBXProject "Instagram" */ = {
			isa = XCConfigurationList;
			buildConfigurations = (
				D09FFD232694E7E4008B33B5 /* Debug */,
				D09FFD242694E7E4008B33B5 /* Release */,
			);
			defaultConfigurationIsVisible = 0;
			defaultConfigurationName = Release;
		};
		D09FFD252694E7E4008B33B5 /* Build configuration list for PBXNativeTarget "Instagram" */ = {
			isa = XCConfigurationList;
			buildConfigurations = (
				D09FFD262694E7E4008B33B5 /* Debug */,
				D09FFD272694E7E4008B33B5 /* Release */,
			);
			defaultConfigurationIsVisible = 0;
			defaultConfigurationName = Release;
		};
		D09FFD282694E7E4008B33B5 /* Build configuration list for PBXNativeTarget "InstagramTests" */ = {
			isa = XCConfigurationList;
			buildConfigurations = (
				D09FFD292694E7E4008B33B5 /* Debug */,
				D09FFD2A2694E7E4008B33B5 /* Release */,
			);
			defaultConfigurationIsVisible = 0;
			defaultConfigurationName = Release;
		};
		D09FFD2B2694E7E4008B33B5 /* Build configuration list for PBXNativeTarget "InstagramUITests" */ = {
			isa = XCConfigurationList;
			buildConfigurations = (
				D09FFD2C2694E7E4008B33B5 /* Debug */,
				D09FFD2D2694E7E4008B33B5 /* Release */,
			);
			defaultConfigurationIsVisible = 0;
			defaultConfigurationName = Release;
		};
/* End XCConfigurationList section */
	};
	rootObject = D09FFCEE2694E7E2008B33B5 /* Project object */;
}
